
Microsoft Visual Studio Solution File, Format Version 12.00
# Visual Studio Version 17
VisualStudioVersion = 17.8.34511.84
MinimumVisualStudioVersion = 10.0.40219.1
Project("{FAE04EC0-301F-11D3-BF4B-00C04F79EFBC}") = "CSharpApiCourse", "CSharpApiCourse\CSharpApiCourse.csproj", "{49ED7FDC-72D4-4589-B63A-15A2C1B31432}"
EndProject
Global
	GlobalSection(SolutionConfigurationPlatforms) = preSolution
		Debug|Any CPU = Debug|Any CPU
		Release|Any CPU = Release|Any CPU
	EndGlobalSection
	GlobalSection(ProjectConfigurationPlatforms) = postSolution
		{49ED7FDC-72D4-4589-B63A-15A2C1B31432}.Debug|Any CPU.ActiveCfg = Debug|Any CPU
		{49ED7FDC-72D4-4589-B63A-15A2C1B31432}.Debug|Any CPU.Build.0 = Debug|Any CPU
		{49ED7FDC-72D4-4589-B63A-15A2C1B31432}.Release|Any CPU.ActiveCfg = Release|Any CPU
		{49ED7FDC-72D4-4589-B63A-15A2C1B31432}.Release|Any CPU.Build.0 = Release|Any CPU
	EndGlobalSection
	GlobalSection(SolutionProperties) = preSolution
		HideSolutionNode = FALSE
	EndGlobalSection
	GlobalSection(ExtensibilityGlobals) = postSolution
		SolutionGuid = {EEF899E8-28CB-4C66-9876-E791FB780709}
	EndGlobalSection
EndGlobal
